
Microsoft Visual Studio Solution File, Format Version 12.00
# Visual Studio Version 17
VisualStudioVersion = 17.10.35122.118
MinimumVisualStudioVersion = 10.0.40219.1
Project("{FAE04EC0-301F-11D3-BF4B-00C04F79EFBC}") = "MatchGame", "MatchGame\MatchGame.csproj", "{4F2D5CBD-8AC3-49B8-84FD-B06D8311FE3E}"
EndProject
Global
	GlobalSection(SolutionConfigurationPlatforms) = preSolution
		Debug|Any CPU = Debug|Any CPU
		Release|Any CPU = Release|Any CPU
	EndGlobalSection
	GlobalSection(ProjectConfigurationPlatforms) = postSolution
		{4F2D5CBD-8AC3-49B8-84FD-B06D8311FE3E}.Debug|Any CPU.ActiveCfg = Debug|Any CPU
		{4F2D5CBD-8AC3-49B8-84FD-B06D8311FE3E}.Debug|Any CPU.Build.0 = Debug|Any CPU
		{4F2D5CBD-8AC3-49B8-84FD-B06D8311FE3E}.Release|Any CPU.ActiveCfg = Release|Any CPU
		{4F2D5CBD-8AC3-49B8-84FD-B06D8311FE3E}.Release|Any CPU.Build.0 = Release|Any CPU
	EndGlobalSection
	GlobalSection(SolutionProperties) = preSolution
		HideSolutionNode = FALSE
	EndGlobalSection
	GlobalSection(ExtensibilityGlobals) = postSolution
		SolutionGuid = {8E6CC65E-BF08-46CC-BD65-09B9D2AB7302}
	EndGlobalSection
EndGlobal
