
Microsoft Visual Studio Solution File, Format Version 12.00
# Visual Studio Version 17
VisualStudioVersion = 17.6.33815.320
MinimumVisualStudioVersion = 10.0.40219.1
Project("{FAE04EC0-301F-11D3-BF4B-00C04F79EFBC}") = "InMemoryDatabase", "InMemoryDatabase\InMemoryDatabase.csproj", "{C72A6D94-E2F7-4B06-9BA7-8DC3F1B95899}"
EndProject
Project("{FAE04EC0-301F-11D3-BF4B-00C04F79EFBC}") = "Dul.Data", "Dul.Data\Dul.Data.csproj", "{A114AA4A-74D8-414D-A542-77F56201DC1D}"
EndProject
Global
	GlobalSection(SolutionConfigurationPlatforms) = preSolution
		Debug|Any CPU = Debug|Any CPU
		Release|Any CPU = Release|Any CPU
	EndGlobalSection
	GlobalSection(ProjectConfigurationPlatforms) = postSolution
		{C72A6D94-E2F7-4B06-9BA7-8DC3F1B95899}.Debug|Any CPU.ActiveCfg = Debug|Any CPU
		{C72A6D94-E2F7-4B06-9BA7-8DC3F1B95899}.Debug|Any CPU.Build.0 = Debug|Any CPU
		{C72A6D94-E2F7-4B06-9BA7-8DC3F1B95899}.Release|Any CPU.ActiveCfg = Release|Any CPU
		{C72A6D94-E2F7-4B06-9BA7-8DC3F1B95899}.Release|Any CPU.Build.0 = Release|Any CPU
		{A114AA4A-74D8-414D-A542-77F56201DC1D}.Debug|Any CPU.ActiveCfg = Debug|Any CPU
		{A114AA4A-74D8-414D-A542-77F56201DC1D}.Debug|Any CPU.Build.0 = Debug|Any CPU
		{A114AA4A-74D8-414D-A542-77F56201DC1D}.Release|Any CPU.ActiveCfg = Release|Any CPU
		{A114AA4A-74D8-414D-A542-77F56201DC1D}.Release|Any CPU.Build.0 = Release|Any CPU
	EndGlobalSection
	GlobalSection(SolutionProperties) = preSolution
		HideSolutionNode = FALSE
	EndGlobalSection
	GlobalSection(ExtensibilityGlobals) = postSolution
		SolutionGuid = {90CEC771-A93D-400E-8747-75D7C75AFC48}
	EndGlobalSection
EndGlobal
